# This file is generated by running "yarn install" inside your project.
# Manual changes might be lost - proceed with caution!

__metadata:
  version: 4
  cacheKey: 8

"@iconscout/react-unicons@npm:^1.1.6":
  version: 1.1.6
  resolution: "@iconscout/react-unicons@npm:1.1.6"
  dependencies:
    react: ">=15.0.0 <17.0.0"
  peerDependencies:
    react: ">=15.0.0 <17.0.0"
  checksum: a9710b748d0e033c1e56c19c4fe73540f478a646c83404aa43f317521312b99040084fa42f1f11d082b8ed4396c3ca812a9dd45e09b38e7d5d83f618f404077b
  languageName: node
  linkType: hard

"@rescript/react@npm:^0.10.3":
  version: 0.10.3
  resolution: "@rescript/react@npm:0.10.3"
  peerDependencies:
    react: ">=16.8.1"
    react-dom: ">=16.8.1"
  checksum: 8561282f78b87c73c864b21d7f94f23545b6e7488167370aab2effa9268bab14f78b948dd0de4b84580467eff7c55c7dd1d080726ec63cb5b2dde030d37a1fbf
  languageName: node
  linkType: hard

"humps@npm:^2.0.1":
  version: 2.0.1
  resolution: "humps@npm:2.0.1"
  checksum: 7d5a674cfca2f34c04562f6fd0d129b4c43a5caf85fcc1c9eacf5d0729554c9375db362c4232519b37369c94dd2560d85f96ad4091a8fbf4af4e625ab5214a30
  languageName: node
  linkType: hard

"js-tokens@npm:^3.0.0 || ^4.0.0":
  version: 4.0.0
  resolution: "js-tokens@npm:4.0.0"
  checksum: 8a95213a5a77deb6cbe94d86340e8d9ace2b93bc367790b260101d2f36a2eaf4e4e22d9fa9cf459b38af3a32fb4190e638024cf82ec95ef708680e405ea7cc78
  languageName: node
  linkType: hard

"loose-envify@npm:^1.1.0, loose-envify@npm:^1.4.0":
  version: 1.4.0
  resolution: "loose-envify@npm:1.4.0"
  dependencies:
    js-tokens: ^3.0.0 || ^4.0.0
  bin:
    loose-envify: cli.js
  checksum: 6517e24e0cad87ec9888f500c5b5947032cdfe6ef65e1c1936a0c48a524b81e65542c9c3edc91c97d5bddc806ee2a985dbc79be89215d613b1de5db6d1cfe6f4
  languageName: node
  linkType: hard

"object-assign@npm:^4.1.1":
  version: 4.1.1
  resolution: "object-assign@npm:4.1.1"
  checksum: fcc6e4ea8c7fe48abfbb552578b1c53e0d194086e2e6bbbf59e0a536381a292f39943c6e9628af05b5528aa5e3318bb30d6b2e53cadaf5b8fe9e12c4b69af23f
  languageName: node
  linkType: hard

"prop-types@npm:^15.6.2":
  version: 15.7.2
  resolution: "prop-types@npm:15.7.2"
  dependencies:
    loose-envify: ^1.4.0
    object-assign: ^4.1.1
    react-is: ^16.8.1
  checksum: 5eef82fdda64252c7e75aa5c8cc28a24bbdece0f540adb60ce67c205cf978a5bd56b83e4f269f91c6e4dcfd80b36f2a2dec24d362e278913db2086ca9c6f9430
  languageName: node
  linkType: hard

"react-is@npm:^16.8.1":
  version: 16.13.1
  resolution: "react-is@npm:16.13.1"
  checksum: f7a19ac3496de32ca9ae12aa030f00f14a3d45374f1ceca0af707c831b2a6098ef0d6bdae51bd437b0a306d7f01d4677fcc8de7c0d331eb47ad0f46130e53c5f
  languageName: node
  linkType: hard

"react@npm:>=15.0.0 <17.0.0":
  version: 16.14.0
  resolution: "react@npm:16.14.0"
  dependencies:
    loose-envify: ^1.1.0
    object-assign: ^4.1.1
    prop-types: ^15.6.2
  checksum: 8484f3ecb13414526f2a7412190575fc134da785c02695eb92bb6028c930bfe1c238d7be2a125088fec663cc7cda0a3623373c46807cf2c281f49c34b79881ac
  languageName: node
  linkType: hard

"rescript-unicons@workspace:.":
  version: 0.0.0-use.local
  resolution: "rescript-unicons@workspace:."
  dependencies:
    "@iconscout/react-unicons": ^1.1.6
    "@rescript/react": ^0.10.3
    humps: ^2.0.1
    rescript: 10.1.4
  languageName: unknown
  linkType: soft

"rescript@npm:10.1.4":
  version: 10.1.4
  resolution: "rescript@npm:10.1.4"
  bin:
    bsc: bsc
    bsrefmt: bsrefmt
    bstracing: lib/bstracing
    rescript: rescript
  checksum: 5bd4b17a9671bc91f369ef56fbd03bba73b4a2cfeab9e09d92f8133f70b62028754914afede07f18d2c1dd877a38a14b2ff5a3b6b90783ea2306b29ff3de54f0
  languageName: node
  linkType: hard
